<Solution>
  <Project Path="BaseProject.Application/BaseProject.Application.csproj" />
  <Project Path="BaseProject.Domain/BaseProject.Domain.csproj" />
  <Project Path="BaseProject.Infrastructure.Contract/BaseProject.Infrastructure.Contract.csproj" />
  <Project Path="BaseProject.Infrastructure/BaseProject.Infrastructure.csproj" />
  <Project Path="BaseProject.WebAPI/BaseProject.WebAPI.csproj" />
</Solution>
